
Microsoft Visual Studio Solution File, Format Version 12.00
# Visual Studio Version 16
VisualStudioVersion = 16.0.29311.281
MinimumVisualStudioVersion = 10.0.40219.1
Project("{9A19103F-16F7-4668-BE54-9A1E7A4F7556}") = "ToDoListBlazor.Domain", "ToDoListBlazor.Domain\ToDoListBlazor.Domain.csproj", "{7BB4479D-2627-4C01-9EB3-CDD1F0FCD268}"
EndProject
Project("{9A19103F-16F7-4668-BE54-9A1E7A4F7556}") = "ToDoListBlazor.Infrastructure", "ToDoListBlazor.Infrastructure\ToDoListBlazor.Infrastructure.csproj", "{F0D146FD-801C-49F7-8809-E802296200C0}"
EndProject
Project("{9A19103F-16F7-4668-BE54-9A1E7A4F7556}") = "ToDoListBlazor.IoC", "ToDoListBlazor.IoC\ToDoListBlazor.IoC.csproj", "{3DB66C58-B57F-40AA-A6D5-AB583536E98F}"
EndProject
Project("{9A19103F-16F7-4668-BE54-9A1E7A4F7556}") = "ToDoListBlazor.Server", "ToDoListBlazor.Server\ToDoListBlazor.Server.csproj", "{712C9A13-3CFC-443C-ADCE-AD9D8FBC2CD2}"
EndProject
Project("{9A19103F-16F7-4668-BE54-9A1E7A4F7556}") = "ToDoListBlazor.Client", "ToDoListBlazor.Client\ToDoListBlazor.Client.csproj", "{F0C4F0F4-3809-4328-A268-67F1E147ADC6}"
EndProject
Project("{9A19103F-16F7-4668-BE54-9A1E7A4F7556}") = "ToDoListBlazor.Domain.Shared", "ToDoListBlazor.Domain.Shared\ToDoListBlazor.Domain.Shared.csproj", "{C2EDBA0F-A330-4056-8754-01B204D7555F}"
EndProject
Project("{FAE04EC0-301F-11D3-BF4B-00C04F79EFBC}") = "ToDoListBlazor.Application", "ToDoListBlazor.Application\ToDoListBlazor.Application.csproj", "{5A403B6F-59BD-40A1-9F32-986ABE9727F9}"
EndProject
Global
	GlobalSection(SolutionConfigurationPlatforms) = preSolution
		Debug|Any CPU = Debug|Any CPU
		Release|Any CPU = Release|Any CPU
	EndGlobalSection
	GlobalSection(ProjectConfigurationPlatforms) = postSolution
		{7BB4479D-2627-4C01-9EB3-CDD1F0FCD268}.Debug|Any CPU.ActiveCfg = Debug|Any CPU
		{7BB4479D-2627-4C01-9EB3-CDD1F0FCD268}.Debug|Any CPU.Build.0 = Debug|Any CPU
		{7BB4479D-2627-4C01-9EB3-CDD1F0FCD268}.Release|Any CPU.ActiveCfg = Release|Any CPU
		{7BB4479D-2627-4C01-9EB3-CDD1F0FCD268}.Release|Any CPU.Build.0 = Release|Any CPU
		{F0D146FD-801C-49F7-8809-E802296200C0}.Debug|Any CPU.ActiveCfg = Debug|Any CPU
		{F0D146FD-801C-49F7-8809-E802296200C0}.Debug|Any CPU.Build.0 = Debug|Any CPU
		{F0D146FD-801C-49F7-8809-E802296200C0}.Release|Any CPU.ActiveCfg = Release|Any CPU
		{F0D146FD-801C-49F7-8809-E802296200C0}.Release|Any CPU.Build.0 = Release|Any CPU
		{3DB66C58-B57F-40AA-A6D5-AB583536E98F}.Debug|Any CPU.ActiveCfg = Debug|Any CPU
		{3DB66C58-B57F-40AA-A6D5-AB583536E98F}.Debug|Any CPU.Build.0 = Debug|Any CPU
		{3DB66C58-B57F-40AA-A6D5-AB583536E98F}.Release|Any CPU.ActiveCfg = Release|Any CPU
		{3DB66C58-B57F-40AA-A6D5-AB583536E98F}.Release|Any CPU.Build.0 = Release|Any CPU
		{712C9A13-3CFC-443C-ADCE-AD9D8FBC2CD2}.Debug|Any CPU.ActiveCfg = Debug|Any CPU
		{712C9A13-3CFC-443C-ADCE-AD9D8FBC2CD2}.Debug|Any CPU.Build.0 = Debug|Any CPU
		{712C9A13-3CFC-443C-ADCE-AD9D8FBC2CD2}.Release|Any CPU.ActiveCfg = Release|Any CPU
		{712C9A13-3CFC-443C-ADCE-AD9D8FBC2CD2}.Release|Any CPU.Build.0 = Release|Any CPU
		{F0C4F0F4-3809-4328-A268-67F1E147ADC6}.Debug|Any CPU.ActiveCfg = Debug|Any CPU
		{F0C4F0F4-3809-4328-A268-67F1E147ADC6}.Debug|Any CPU.Build.0 = Debug|Any CPU
		{F0C4F0F4-3809-4328-A268-67F1E147ADC6}.Release|Any CPU.ActiveCfg = Release|Any CPU
		{F0C4F0F4-3809-4328-A268-67F1E147ADC6}.Release|Any CPU.Build.0 = Release|Any CPU
		{C2EDBA0F-A330-4056-8754-01B204D7555F}.Debug|Any CPU.ActiveCfg = Debug|Any CPU
		{C2EDBA0F-A330-4056-8754-01B204D7555F}.Debug|Any CPU.Build.0 = Debug|Any CPU
		{C2EDBA0F-A330-4056-8754-01B204D7555F}.Release|Any CPU.ActiveCfg = Release|Any CPU
		{C2EDBA0F-A330-4056-8754-01B204D7555F}.Release|Any CPU.Build.0 = Release|Any CPU
		{5A403B6F-59BD-40A1-9F32-986ABE9727F9}.Debug|Any CPU.ActiveCfg = Debug|Any CPU
		{5A403B6F-59BD-40A1-9F32-986ABE9727F9}.Debug|Any CPU.Build.0 = Debug|Any CPU
		{5A403B6F-59BD-40A1-9F32-986ABE9727F9}.Release|Any CPU.ActiveCfg = Release|Any CPU
		{5A403B6F-59BD-40A1-9F32-986ABE9727F9}.Release|Any CPU.Build.0 = Release|Any CPU
	EndGlobalSection
	GlobalSection(SolutionProperties) = preSolution
		HideSolutionNode = FALSE
	EndGlobalSection
	GlobalSection(ExtensibilityGlobals) = postSolution
		SolutionGuid = {B887CB38-582D-42FE-B8D4-4457863846E6}
	EndGlobalSection
EndGlobal
